
Microsoft Visual Studio Solution File, Format Version 12.00
# Visual Studio Version 17
VisualStudioVersion = 17.10.34916.146
MinimumVisualStudioVersion = 10.0.40219.1
Project("{FAE04EC0-301F-11D3-BF4B-00C04F79EFBC}") = "PruebaCRUD", "PruebaCRUD\PruebaCRUD.csproj", "{C370115D-C563-4A40-95FC-F5AA1460A6F5}"
EndProject
Global
	GlobalSection(SolutionConfigurationPlatforms) = preSolution
		Debug|Any CPU = Debug|Any CPU
		Release|Any CPU = Release|Any CPU
	EndGlobalSection
	GlobalSection(ProjectConfigurationPlatforms) = postSolution
		{C370115D-C563-4A40-95FC-F5AA1460A6F5}.Debug|Any CPU.ActiveCfg = Debug|Any CPU
		{C370115D-C563-4A40-95FC-F5AA1460A6F5}.Debug|Any CPU.Build.0 = Debug|Any CPU
		{C370115D-C563-4A40-95FC-F5AA1460A6F5}.Release|Any CPU.ActiveCfg = Release|Any CPU
		{C370115D-C563-4A40-95FC-F5AA1460A6F5}.Release|Any CPU.Build.0 = Release|Any CPU
	EndGlobalSection
	GlobalSection(SolutionProperties) = preSolution
		HideSolutionNode = FALSE
	EndGlobalSection
	GlobalSection(ExtensibilityGlobals) = postSolution
		SolutionGuid = {758D6F6E-7828-4962-8992-6379D553DA49}
	EndGlobalSection
EndGlobal
